// !$*UTF8*$!
{
	archiveVersion = 1;
	classes = {
	};
	objectVersion = 46;
	objects = {

/* Begin PBXBuildFile section */
		3C0291951F05ED550087F982 /* Fuse-IntegrationApp.framework in Frameworks */ = {isa = PBXBuildFile; fileRef = 3C0291941F05ED550087F982 /* Fuse-IntegrationApp.framework */; };
		3C0291961F05ED550087F982 /* Fuse-IntegrationApp.framework in Embed Frameworks */ = {isa = PBXBuildFile; fileRef = 3C0291941F05ED550087F982 /* Fuse-IntegrationApp.framework */; settings = {ATTRIBUTES = (CodeSignOnCopy, RemoveHeadersOnCopy, ); }; };
		3C0291981F05ED5F0087F982 /* Jetfire.framework in Frameworks */ = {isa = PBXBuildFile; fileRef = 3C0291971F05ED5F0087F982 /* Jetfire.framework */; };
		3C0291991F05ED5F0087F982 /* Jetfire.framework in Embed Frameworks */ = {isa = PBXBuildFile; fileRef = 3C0291971F05ED5F0087F982 /* Jetfire.framework */; settings = {ATTRIBUTES = (CodeSignOnCopy, RemoveHeadersOnCopy, ); }; };
		3C0813721EF9D547009BE1F9 /* AppDelegate.swift in Sources */ = {isa = PBXBuildFile; fileRef = 3C0813711EF9D547009BE1F9 /* AppDelegate.swift */; };
		3C0813741EF9D547009BE1F9 /* ViewController.swift in Sources */ = {isa = PBXBuildFile; fileRef = 3C0813731EF9D547009BE1F9 /* ViewController.swift */; };
		3C0813771EF9D547009BE1F9 /* Main.storyboard in Resources */ = {isa = PBXBuildFile; fileRef = 3C0813751EF9D547009BE1F9 /* Main.storyboard */; };
		3C0813791EF9D547009BE1F9 /* Assets.xcassets in Resources */ = {isa = PBXBuildFile; fileRef = 3C0813781EF9D547009BE1F9 /* Assets.xcassets */; };
		3C08137C1EF9D547009BE1F9 /* LaunchScreen.storyboard in Resources */ = {isa = PBXBuildFile; fileRef = 3C08137A1EF9D547009BE1F9 /* LaunchScreen.storyboard */; };
/* End PBXBuildFile section */

/* Begin PBXCopyFilesBuildPhase section */
		3C0813861EF9D5B4009BE1F9 /* Embed Frameworks */ = {
			isa = PBXCopyFilesBuildPhase;
			buildActionMask = 2147483647;
			dstPath = "";
			dstSubfolderSpec = 10;
			files = (
				3C0291991F05ED5F0087F982 /* Jetfire.framework in Embed Frameworks */,
				3C0291961F05ED550087F982 /* Fuse-IntegrationApp.framework in Embed Frameworks */,
			);
			name = "Embed Frameworks";
			runOnlyForDeploymentPostprocessing = 0;
		};
/* End PBXCopyFilesBuildPhase section */

/* Begin PBXFileReference section */
		3C0291941F05ED550087F982 /* Fuse-IntegrationApp.framework */ = {isa = PBXFileReference; lastKnownFileType = wrapper.framework; path = "Fuse-IntegrationApp.framework"; sourceTree = "<group>"; };
		3C0291971F05ED5F0087F982 /* Jetfire.framework */ = {isa = PBXFileReference; lastKnownFileType = wrapper.framework; path = Jetfire.framework; sourceTree = "<group>"; };
		3C08136E1EF9D547009BE1F9 /* Xcode-IntegrationApp.app */ = {isa = PBXFileReference; explicitFileType = wrapper.application; includeInIndex = 0; path = "Xcode-IntegrationApp.app"; sourceTree = BUILT_PRODUCTS_DIR; };
		3C0813711EF9D547009BE1F9 /* AppDelegate.swift */ = {isa = PBXFileReference; lastKnownFileType = sourcecode.swift; path = AppDelegate.swift; sourceTree = "<group>"; };
		3C0813731EF9D547009BE1F9 /* ViewController.swift */ = {isa = PBXFileReference; lastKnownFileType = sourcecode.swift; path = ViewController.swift; sourceTree = "<group>"; };
		3C0813761EF9D547009BE1F9 /* Base */ = {isa = PBXFileReference; lastKnownFileType = file.storyboard; name = Base; path = Base.lproj/Main.storyboard; sourceTree = "<group>"; };
		3C0813781EF9D547009BE1F9 /* Assets.xcassets */ = {isa = PBXFileReference; lastKnownFileType = folder.assetcatalog; path = Assets.xcassets; sourceTree = "<group>"; };
		3C08137B1EF9D547009BE1F9 /* Base */ = {isa = PBXFileReference; lastKnownFileType = file.storyboard; name = Base; path = Base.lproj/LaunchScreen.storyboard; sourceTree = "<group>"; };
		3C08137D1EF9D547009BE1F9 /* Info.plist */ = {isa = PBXFileReference; lastKnownFileType = text.plist.xml; path = Info.plist; sourceTree = "<group>"; };
		3C0813871EF9D631009BE1F9 /* Xcode-IntegrationApp-Bridging-Header.h */ = {isa = PBXFileReference; lastKnownFileType = sourcecode.c.h; path = "Xcode-IntegrationApp-Bridging-Header.h"; sourceTree = "<group>"; };
/* End PBXFileReference section */

/* Begin PBXFrameworksBuildPhase section */
		3C08136B1EF9D547009BE1F9 /* Frameworks */ = {
			isa = PBXFrameworksBuildPhase;
			buildActionMask = 2147483647;
			files = (
				3C0291981F05ED5F0087F982 /* Jetfire.framework in Frameworks */,
				3C0291951F05ED550087F982 /* Fuse-IntegrationApp.framework in Frameworks */,
			);
			runOnlyForDeploymentPostprocessing = 0;
		};
/* End PBXFrameworksBuildPhase section */

/* Begin PBXGroup section */
		3C0813651EF9D547009BE1F9 = {
			isa = PBXGroup;
			children = (
				3C0291971F05ED5F0087F982 /* Jetfire.framework */,
				3C0291941F05ED550087F982 /* Fuse-IntegrationApp.framework */,
				3C0813701EF9D547009BE1F9 /* Xcode-IntegrationApp */,
				3C08136F1EF9D547009BE1F9 /* Products */,
			);
			sourceTree = "<group>";
		};
		3C08136F1EF9D547009BE1F9 /* Products */ = {
			isa = PBXGroup;
			children = (
				3C08136E1EF9D547009BE1F9 /* Xcode-IntegrationApp.app */,
			);
			name = Products;
			sourceTree = "<group>";
		};
		3C0813701EF9D547009BE1F9 /* Xcode-IntegrationApp */ = {
			isa = PBXGroup;
			children = (
				3C0813711EF9D547009BE1F9 /* AppDelegate.swift */,
				3C0813731EF9D547009BE1F9 /* ViewController.swift */,
				3C0813751EF9D547009BE1F9 /* Main.storyboard */,
				3C0813781EF9D547009BE1F9 /* Assets.xcassets */,
				3C08137A1EF9D547009BE1F9 /* LaunchScreen.storyboard */,
				3C08137D1EF9D547009BE1F9 /* Info.plist */,
				3C0813871EF9D631009BE1F9 /* Xcode-IntegrationApp-Bridging-Header.h */,
			);
			path = "Xcode-IntegrationApp";
			sourceTree = "<group>";
		};
/* End PBXGroup section */

/* Begin PBXNativeTarget section */
		3C08136D1EF9D547009BE1F9 /* Xcode-IntegrationApp */ = {
			isa = PBXNativeTarget;
			buildConfigurationList = 3C0813801EF9D547009BE1F9 /* Build configuration list for PBXNativeTarget "Xcode-IntegrationApp" */;
			buildPhases = (
				3C08136A1EF9D547009BE1F9 /* Sources */,
				3C08136B1EF9D547009BE1F9 /* Frameworks */,
				3C08136C1EF9D547009BE1F9 /* Resources */,
				3C0813861EF9D5B4009BE1F9 /* Embed Frameworks */,
			);
			buildRules = (
			);
			dependencies = (
			);
			name = "Xcode-IntegrationApp";
			productName = "Xcode-IntegrationApp";
			productReference = 3C08136E1EF9D547009BE1F9 /* Xcode-IntegrationApp.app */;
			productType = "com.apple.product-type.application";
		};
/* End PBXNativeTarget section */

/* Begin PBXProject section */
		3C0813661EF9D547009BE1F9 /* Project object */ = {
			isa = PBXProject;
			attributes = {
				LastSwiftUpdateCheck = 0830;
				LastUpgradeCheck = 0830;
				ORGANIZATIONNAME = FuseTools;
				TargetAttributes = {
					3C08136D1EF9D547009BE1F9 = {
						CreatedOnToolsVersion = 8.3.3;
						DevelopmentTeam = PJTZT6P6P6;
						ProvisioningStyle = Automatic;
					};
				};
			};
			buildConfigurationList = 3C0813691EF9D547009BE1F9 /* Build configuration list for PBXProject "Xcode-IntegrationApp" */;
			compatibilityVersion = "Xcode 3.2";
			developmentRegion = English;
			hasScannedForEncodings = 0;
			knownRegions = (
				en,
				Base,
			);
			mainGroup = 3C0813651EF9D547009BE1F9;
			productRefGroup = 3C08136F1EF9D547009BE1F9 /* Products */;
			projectDirPath = "";
			projectRoot = "";
			targets = (
				3C08136D1EF9D547009BE1F9 /* Xcode-IntegrationApp */,
			);
		};
/* End PBXProject section */

/* Begin PBXResourcesBuildPhase section */
		3C08136C1EF9D547009BE1F9 /* Resources */ = {
			isa = PBXResourcesBuildPhase;
			buildActionMask = 2147483647;
			files = (
				3C08137C1EF9D547009BE1F9 /* LaunchScreen.storyboard in Resources */,
				3C0813791EF9D547009BE1F9 /* Assets.xcassets in Resources */,
				3C0813771EF9D547009BE1F9 /* Main.storyboard in Resources */,
			);
			runOnlyForDeploymentPostprocessing = 0;
		};
/* End PBXResourcesBuildPhase section */

/* Begin PBXSourcesBuildPhase section */
		3C08136A1EF9D547009BE1F9 /* Sources */ = {
			isa = PBXSourcesBuildPhase;
			buildActionMask = 2147483647;
			files = (
				3C0813741EF9D547009BE1F9 /* ViewController.swift in Sources */,
				3C0813721EF9D547009BE1F9 /* AppDelegate.swift in Sources */,
			);
			runOnlyForDeploymentPostprocessing = 0;
		};
/* End PBXSourcesBuildPhase section */

/* Begin PBXVariantGroup section */
		3C0813751EF9D547009BE1F9 /* Main.storyboard */ = {
			isa = PBXVariantGroup;
			children = (
				3C0813761EF9D547009BE1F9 /* Base */,
			);
			name = Main.storyboard;
			sourceTree = "<group>";
		};
		3C08137A1EF9D547009BE1F9 /* LaunchScreen.storyboard */ = {
			isa = PBXVariantGroup;
			children = (
				3C08137B1EF9D547009BE1F9 /* Base */,
			);
			name = LaunchScreen.storyboard;
			sourceTree = "<group>";
		};
/* End PBXVariantGroup section */

/* Begin XCBuildConfiguration section */
		3C08137E1EF9D547009BE1F9 /* Debug */ = {
			isa = XCBuildConfiguration;
			buildSettings = {
				ALWAYS_SEARCH_USER_PATHS = NO;
				CLANG_ANALYZER_NONNULL = YES;
				CLANG_ANALYZER_NUMBER_OBJECT_CONVERSION = YES_AGGRESSIVE;
				CLANG_CXX_LANGUAGE_STANDARD = "gnu++0x";
				CLANG_CXX_LIBRARY = "libc++";
				CLANG_ENABLE_MODULES = YES;
				CLANG_ENABLE_OBJC_ARC = YES;
				CLANG_WARN_BOOL_CONVERSION = YES;
				CLANG_WARN_CONSTANT_CONVERSION = YES;
				CLANG_WARN_DIRECT_OBJC_ISA_USAGE = YES_ERROR;
				CLANG_WARN_DOCUMENTATION_COMMENTS = YES;
				CLANG_WARN_EMPTY_BODY = YES;
				CLANG_WARN_ENUM_CONVERSION = YES;
				CLANG_WARN_INFINITE_RECURSION = YES;
				CLANG_WARN_INT_CONVERSION = YES;
				CLANG_WARN_OBJC_ROOT_CLASS = YES_ERROR;
				CLANG_WARN_SUSPICIOUS_MOVE = YES;
				CLANG_WARN_UNREACHABLE_CODE = YES;
				CLANG_WARN__DUPLICATE_METHOD_MATCH = YES;
				"CODE_SIGN_IDENTITY[sdk=iphoneos*]" = "iPhone Developer";
				COPY_PHASE_STRIP = NO;
				DEBUG_INFORMATION_FORMAT = dwarf;
				ENABLE_STRICT_OBJC_MSGSEND = YES;
				ENABLE_TESTABILITY = YES;
				GCC_C_LANGUAGE_STANDARD = gnu99;
				GCC_DYNAMIC_NO_PIC = NO;
				GCC_NO_COMMON_BLOCKS = YES;
				GCC_OPTIMIZATION_LEVEL = 0;
				GCC_PREPROCESSOR_DEFINITIONS = (
					"DEBUG=1",
					"$(inherited)",
				);
				GCC_WARN_64_TO_32_BIT_CONVERSION = YES;
				GCC_WARN_ABOUT_RETURN_TYPE = YES_ERROR;
				GCC_WARN_UNDECLARED_SELECTOR = YES;
				GCC_WARN_UNINITIALIZED_AUTOS = YES_AGGRESSIVE;
				GCC_WARN_UNUSED_FUNCTION = YES;
				GCC_WARN_UNUSED_VARIABLE = YES;
				IPHONEOS_DEPLOYMENT_TARGET = 10.3;
				MTL_ENABLE_DEBUG_INFO = YES;
				ONLY_ACTIVE_ARCH = YES;
				SDKROOT = iphoneos;
				SWIFT_ACTIVE_COMPILATION_CONDITIONS = DEBUG;
				SWIFT_OPTIMIZATION_LEVEL = "-Onone";
				TARGETED_DEVICE_FAMILY = "1,2";
			};
			name = Debug;
		};
		3C08137F1EF9D547009BE1F9 /* Release */ = {
			isa = XCBuildConfiguration;
			buildSettings = {
				ALWAYS_SEARCH_USER_PATHS = NO;
				CLANG_ANALYZER_NONNULL = YES;
				CLANG_ANALYZER_NUMBER_OBJECT_CONVERSION = YES_AGGRESSIVE;
				CLANG_CXX_LANGUAGE_STANDARD = "gnu++0x";
				CLANG_CXX_LIBRARY = "libc++";
				CLANG_ENABLE_MODULES = YES;
				CLANG_ENABLE_OBJC_ARC = YES;
				CLANG_WARN_BOOL_CONVERSION = YES;
				CLANG_WARN_CONSTANT_CONVERSION = YES;
				CLANG_WARN_DIRECT_OBJC_ISA_USAGE = YES_ERROR;
				CLANG_WARN_DOCUMENTATION_COMMENTS = YES;
				CLANG_WARN_EMPTY_BODY = YES;
				CLANG_WARN_ENUM_CONVERSION = YES;
				CLANG_WARN_INFINITE_RECURSION = YES;
				CLANG_WARN_INT_CONVERSION = YES;
				CLANG_WARN_OBJC_ROOT_CLASS = YES_ERROR;
				CLANG_WARN_SUSPICIOUS_MOVE = YES;
				CLANG_WARN_UNREACHABLE_CODE = YES;
				CLANG_WARN__DUPLICATE_METHOD_MATCH = YES;
				"CODE_SIGN_IDENTITY[sdk=iphoneos*]" = "iPhone Developer";
				COPY_PHASE_STRIP = NO;
				DEBUG_INFORMATION_FORMAT = "dwarf-with-dsym";
				ENABLE_NS_ASSERTIONS = NO;
				ENABLE_STRICT_OBJC_MSGSEND = YES;
				GCC_C_LANGUAGE_STANDARD = gnu99;
				GCC_NO_COMMON_BLOCKS = YES;
				GCC_WARN_64_TO_32_BIT_CONVERSION = YES;
				GCC_WARN_ABOUT_RETURN_TYPE = YES_ERROR;
				GCC_WARN_UNDECLARED_SELECTOR = YES;
				GCC_WARN_UNINITIALIZED_AUTOS = YES_AGGRESSIVE;
				GCC_WARN_UNUSED_FUNCTION = YES;
				GCC_WARN_UNUSED_VARIABLE = YES;
				IPHONEOS_DEPLOYMENT_TARGET = 10.3;
				MTL_ENABLE_DEBUG_INFO = NO;
				SDKROOT = iphoneos;
				SWIFT_OPTIMIZATION_LEVEL = "-Owholemodule";
				TARGETED_DEVICE_FAMILY = "1,2";
				VALIDATE_PRODUCT = YES;
			};
			name = Release;
		};
		3C0813811EF9D547009BE1F9 /* Debug */ = {
			isa = XCBuildConfiguration;
			buildSettings = {
				ASSETCATALOG_COMPILER_APPICON_NAME = AppIcon;
				DEVELOPMENT_TEAM = PJTZT6P6P6;
				ENABLE_BITCODE = NO;
				FRAMEWORK_SEARCH_PATHS = (
					"$(inherited)",
					"$(PROJECT_DIR)",
				);
				INFOPLIST_FILE = "Xcode-IntegrationApp/Info.plist";
				LD_RUNPATH_SEARCH_PATHS = "$(inherited) @executable_path/Frameworks";
				PRODUCT_BUNDLE_IDENTIFIER = "com.fusetools.Xcode-IntegrationApp";
				PRODUCT_NAME = "$(TARGET_NAME)";
				SWIFT_OBJC_BRIDGING_HEADER = "Xcode-IntegrationApp/Xcode-IntegrationApp-Bridging-Header.h";
				SWIFT_VERSION = 3.0;
			};
			name = Debug;
		};
		3C0813821EF9D547009BE1F9 /* Release */ = {
			isa = XCBuildConfiguration;
			buildSettings = {
				ASSETCATALOG_COMPILER_APPICON_NAME = AppIcon;
				DEVELOPMENT_TEAM = PJTZT6P6P6;
				ENABLE_BITCODE = NO;
				FRAMEWORK_SEARCH_PATHS = (
					"$(inherited)",
					"$(PROJECT_DIR)",
				);
				INFOPLIST_FILE = "Xcode-IntegrationApp/Info.plist";
				LD_RUNPATH_SEARCH_PATHS = "$(inherited) @executable_path/Frameworks";
				PRODUCT_BUNDLE_IDENTIFIER = "com.fusetools.Xcode-IntegrationApp";
				PRODUCT_NAME = "$(TARGET_NAME)";
				SWIFT_OBJC_BRIDGING_HEADER = "Xcode-IntegrationApp/Xcode-IntegrationApp-Bridging-Header.h";
				SWIFT_VERSION = 3.0;
			};
			name = Release;
		};
/* End XCBuildConfiguration section */

/* Begin XCConfigurationList section */
		3C0813691EF9D547009BE1F9 /* Build configuration list for PBXProject "Xcode-IntegrationApp" */ = {
			isa = XCConfigurationList;
			buildConfigurations = (
				3C08137E1EF9D547009BE1F9 /* Debug */,
				3C08137F1EF9D547009BE1F9 /* Release */,
			);
			defaultConfigurationIsVisible = 0;
			defaultConfigurationName = Release;
		};
		3C0813801EF9D547009BE1F9 /* Build configuration list for PBXNativeTarget "Xcode-IntegrationApp" */ = {
			isa = XCConfigurationList;
			buildConfigurations = (
				3C0813811EF9D547009BE1F9 /* Debug */,
				3C0813821EF9D547009BE1F9 /* Release */,
			);
			defaultConfigurationIsVisible = 0;
			defaultConfigurationName = Release;
		};
/* End XCConfigurationList section */
	};
	rootObject = 3C0813661EF9D547009BE1F9 /* Project object */;
}
